
Microsoft Visual Studio Solution File, Format Version 12.00
Project("{FAE04EC0-301F-11D3-BF4B-00C04F79EFBC}") = "LinkedList", "LinkedList\LinkedList.csproj", "{61E008CA-9E76-4BFB-949D-C8A10EF5B629}"
EndProject
Global
	GlobalSection(SolutionConfigurationPlatforms) = preSolution
		Debug|Any CPU = Debug|Any CPU
		Release|Any CPU = Release|Any CPU
	EndGlobalSection
	GlobalSection(ProjectConfigurationPlatforms) = postSolution
		{61E008CA-9E76-4BFB-949D-C8A10EF5B629}.Debug|Any CPU.ActiveCfg = Debug|Any CPU
		{61E008CA-9E76-4BFB-949D-C8A10EF5B629}.Debug|Any CPU.Build.0 = Debug|Any CPU
		{61E008CA-9E76-4BFB-949D-C8A10EF5B629}.Release|Any CPU.ActiveCfg = Release|Any CPU
		{61E008CA-9E76-4BFB-949D-C8A10EF5B629}.Release|Any CPU.Build.0 = Release|Any CPU
	EndGlobalSection
EndGlobal
