
Microsoft Visual Studio Solution File, Format Version 12.00
Project("{FAE04EC0-301F-11D3-BF4B-00C04F79EFBC}") = "LinkedList", "LinkedList\LinkedList.csproj", "{61E008CA-9E76-4BFB-949D-C8A10EF5B629}"
EndProject
Project("{FAE04EC0-301F-11D3-BF4B-00C04F79EFBC}") = "2191", "2191\2191.csproj", "{C43148E2-E41B-4B9A-B5EA-B2EDB7DC6CFC}"
EndProject
Project("{FAE04EC0-301F-11D3-BF4B-00C04F79EFBC}") = "912", "912\912.csproj", "{C94229A0-BDE4-4250-B65A-C00568D6260D}"
EndProject
Project("{FAE04EC0-301F-11D3-BF4B-00C04F79EFBC}") = "1334", "1334\1334.csproj", "{C0296D9D-6ED8-4F43-88FF-584EDA6D406F}"
EndProject
Project("{FAE04EC0-301F-11D3-BF4B-00C04F79EFBC}") = "1395", "1395\1395.csproj", "{0B3C888C-B39B-4F81-B99B-42A3F2D1A025}"
EndProject
Project("{FAE04EC0-301F-11D3-BF4B-00C04F79EFBC}") = "EulerFunction", "EulerFunction\EulerFunction.csproj", "{FA1D3F0B-A943-4254-84CB-03EA2674E0F9}"
EndProject
Project("{FAE04EC0-301F-11D3-BF4B-00C04F79EFBC}") = "2678", "2678\2678.csproj", "{0E630B65-D5FC-4AAC-8F95-7E19EACB831B}"
EndProject
Global
	GlobalSection(SolutionConfigurationPlatforms) = preSolution
		Debug|Any CPU = Debug|Any CPU
		Release|Any CPU = Release|Any CPU
	EndGlobalSection
	GlobalSection(ProjectConfigurationPlatforms) = postSolution
		{61E008CA-9E76-4BFB-949D-C8A10EF5B629}.Debug|Any CPU.ActiveCfg = Debug|Any CPU
		{61E008CA-9E76-4BFB-949D-C8A10EF5B629}.Debug|Any CPU.Build.0 = Debug|Any CPU
		{61E008CA-9E76-4BFB-949D-C8A10EF5B629}.Release|Any CPU.ActiveCfg = Release|Any CPU
		{61E008CA-9E76-4BFB-949D-C8A10EF5B629}.Release|Any CPU.Build.0 = Release|Any CPU
		{C43148E2-E41B-4B9A-B5EA-B2EDB7DC6CFC}.Debug|Any CPU.ActiveCfg = Debug|Any CPU
		{C43148E2-E41B-4B9A-B5EA-B2EDB7DC6CFC}.Debug|Any CPU.Build.0 = Debug|Any CPU
		{C43148E2-E41B-4B9A-B5EA-B2EDB7DC6CFC}.Release|Any CPU.ActiveCfg = Release|Any CPU
		{C43148E2-E41B-4B9A-B5EA-B2EDB7DC6CFC}.Release|Any CPU.Build.0 = Release|Any CPU
		{C94229A0-BDE4-4250-B65A-C00568D6260D}.Debug|Any CPU.ActiveCfg = Debug|Any CPU
		{C94229A0-BDE4-4250-B65A-C00568D6260D}.Debug|Any CPU.Build.0 = Debug|Any CPU
		{C94229A0-BDE4-4250-B65A-C00568D6260D}.Release|Any CPU.ActiveCfg = Release|Any CPU
		{C94229A0-BDE4-4250-B65A-C00568D6260D}.Release|Any CPU.Build.0 = Release|Any CPU
		{C0296D9D-6ED8-4F43-88FF-584EDA6D406F}.Debug|Any CPU.ActiveCfg = Debug|Any CPU
		{C0296D9D-6ED8-4F43-88FF-584EDA6D406F}.Debug|Any CPU.Build.0 = Debug|Any CPU
		{C0296D9D-6ED8-4F43-88FF-584EDA6D406F}.Release|Any CPU.ActiveCfg = Release|Any CPU
		{C0296D9D-6ED8-4F43-88FF-584EDA6D406F}.Release|Any CPU.Build.0 = Release|Any CPU
		{0B3C888C-B39B-4F81-B99B-42A3F2D1A025}.Debug|Any CPU.ActiveCfg = Debug|Any CPU
		{0B3C888C-B39B-4F81-B99B-42A3F2D1A025}.Debug|Any CPU.Build.0 = Debug|Any CPU
		{0B3C888C-B39B-4F81-B99B-42A3F2D1A025}.Release|Any CPU.ActiveCfg = Release|Any CPU
		{0B3C888C-B39B-4F81-B99B-42A3F2D1A025}.Release|Any CPU.Build.0 = Release|Any CPU
		{FA1D3F0B-A943-4254-84CB-03EA2674E0F9}.Debug|Any CPU.ActiveCfg = Debug|Any CPU
		{FA1D3F0B-A943-4254-84CB-03EA2674E0F9}.Debug|Any CPU.Build.0 = Debug|Any CPU
		{FA1D3F0B-A943-4254-84CB-03EA2674E0F9}.Release|Any CPU.ActiveCfg = Release|Any CPU
		{FA1D3F0B-A943-4254-84CB-03EA2674E0F9}.Release|Any CPU.Build.0 = Release|Any CPU
		{0E630B65-D5FC-4AAC-8F95-7E19EACB831B}.Debug|Any CPU.ActiveCfg = Debug|Any CPU
		{0E630B65-D5FC-4AAC-8F95-7E19EACB831B}.Debug|Any CPU.Build.0 = Debug|Any CPU
		{0E630B65-D5FC-4AAC-8F95-7E19EACB831B}.Release|Any CPU.ActiveCfg = Release|Any CPU
		{0E630B65-D5FC-4AAC-8F95-7E19EACB831B}.Release|Any CPU.Build.0 = Release|Any CPU
	EndGlobalSection
EndGlobal
